// !$*UTF8*$!
{
	archiveVersion = 1;
	classes = {
	};
	objectVersion = 56;
	objects = {

/* Begin PBXBuildFile section */
		3B2468BC293DAB52003220C2 /* TouchSynthApp.swift in Sources */ = {isa = PBXBuildFile; fileRef = 3B2468BB293DAB52003220C2 /* TouchSynthApp.swift */; };
		3B2468BE293DAB52003220C2 /* ContentView.swift in Sources */ = {isa = PBXBuildFile; fileRef = 3B2468BD293DAB52003220C2 /* ContentView.swift */; };
		3B2468C0293DAB53003220C2 /* Assets.xcassets in Resources */ = {isa = PBXBuildFile; fileRef = 3B2468BF293DAB53003220C2 /* Assets.xcassets */; };
		3B2468C3293DAB53003220C2 /* Preview Assets.xcassets in Resources */ = {isa = PBXBuildFile; fileRef = 3B2468C2293DAB53003220C2 /* Preview Assets.xcassets */; };
		3B2468CD293DAB53003220C2 /* TouchSynthTests.swift in Sources */ = {isa = PBXBuildFile; fileRef = 3B2468CC293DAB53003220C2 /* TouchSynthTests.swift */; };
		3B2468D7293DAB54003220C2 /* TouchSynthUITests.swift in Sources */ = {isa = PBXBuildFile; fileRef = 3B2468D6293DAB54003220C2 /* TouchSynthUITests.swift */; };
		3B2468D9293DAB54003220C2 /* TouchSynthUITestsLaunchTests.swift in Sources */ = {isa = PBXBuildFile; fileRef = 3B2468D8293DAB54003220C2 /* TouchSynthUITestsLaunchTests.swift */; };
		3B36437529462BAB00C33672 /* GridView.swift in Sources */ = {isa = PBXBuildFile; fileRef = 3B36437429462BAB00C33672 /* GridView.swift */; };
		3B3977BD2940452E0058CD38 /* SignalGenerator.swift in Sources */ = {isa = PBXBuildFile; fileRef = 3B3977BC2940452E0058CD38 /* SignalGenerator.swift */; };
		3B3977C12940FAED0058CD38 /* TouchView.swift in Sources */ = {isa = PBXBuildFile; fileRef = 3B3977C02940FAED0058CD38 /* TouchView.swift */; };
		3B3977C329422E3C0058CD38 /* SignalGenerator2.swift in Sources */ = {isa = PBXBuildFile; fileRef = 3B3977C229422E3C0058CD38 /* SignalGenerator2.swift */; };
/* End PBXBuildFile section */

/* Begin PBXContainerItemProxy section */
		3B2468C9293DAB53003220C2 /* PBXContainerItemProxy */ = {
			isa = PBXContainerItemProxy;
			containerPortal = 3B2468B0293DAB51003220C2 /* Project object */;
			proxyType = 1;
			remoteGlobalIDString = 3B2468B7293DAB52003220C2;
			remoteInfo = TouchSynth;
		};
		3B2468D3293DAB54003220C2 /* PBXContainerItemProxy */ = {
			isa = PBXContainerItemProxy;
			containerPortal = 3B2468B0293DAB51003220C2 /* Project object */;
			proxyType = 1;
			remoteGlobalIDString = 3B2468B7293DAB52003220C2;
			remoteInfo = TouchSynth;
		};
/* End PBXContainerItemProxy section */

/* Begin PBXFileReference section */
		3B2468B8293DAB52003220C2 /* TouchSynth.app */ = {isa = PBXFileReference; explicitFileType = wrapper.application; includeInIndex = 0; path = TouchSynth.app; sourceTree = BUILT_PRODUCTS_DIR; };
		3B2468BB293DAB52003220C2 /* TouchSynthApp.swift */ = {isa = PBXFileReference; lastKnownFileType = sourcecode.swift; path = TouchSynthApp.swift; sourceTree = "<group>"; };
		3B2468BD293DAB52003220C2 /* ContentView.swift */ = {isa = PBXFileReference; lastKnownFileType = sourcecode.swift; path = ContentView.swift; sourceTree = "<group>"; };
		3B2468BF293DAB53003220C2 /* Assets.xcassets */ = {isa = PBXFileReference; lastKnownFileType = folder.assetcatalog; path = Assets.xcassets; sourceTree = "<group>"; };
		3B2468C2293DAB53003220C2 /* Preview Assets.xcassets */ = {isa = PBXFileReference; lastKnownFileType = folder.assetcatalog; path = "Preview Assets.xcassets"; sourceTree = "<group>"; };
		3B2468C8293DAB53003220C2 /* TouchSynthTests.xctest */ = {isa = PBXFileReference; explicitFileType = wrapper.cfbundle; includeInIndex = 0; path = TouchSynthTests.xctest; sourceTree = BUILT_PRODUCTS_DIR; };
		3B2468CC293DAB53003220C2 /* TouchSynthTests.swift */ = {isa = PBXFileReference; lastKnownFileType = sourcecode.swift; path = TouchSynthTests.swift; sourceTree = "<group>"; };
		3B2468D2293DAB54003220C2 /* TouchSynthUITests.xctest */ = {isa = PBXFileReference; explicitFileType = wrapper.cfbundle; includeInIndex = 0; path = TouchSynthUITests.xctest; sourceTree = BUILT_PRODUCTS_DIR; };
		3B2468D6293DAB54003220C2 /* TouchSynthUITests.swift */ = {isa = PBXFileReference; lastKnownFileType = sourcecode.swift; path = TouchSynthUITests.swift; sourceTree = "<group>"; };
		3B2468D8293DAB54003220C2 /* TouchSynthUITestsLaunchTests.swift */ = {isa = PBXFileReference; lastKnownFileType = sourcecode.swift; path = TouchSynthUITestsLaunchTests.swift; sourceTree = "<group>"; };
		3B36437429462BAB00C33672 /* GridView.swift */ = {isa = PBXFileReference; lastKnownFileType = sourcecode.swift; path = GridView.swift; sourceTree = "<group>"; };
		3B3977BC2940452E0058CD38 /* SignalGenerator.swift */ = {isa = PBXFileReference; lastKnownFileType = sourcecode.swift; path = SignalGenerator.swift; sourceTree = "<group>"; };
		3B3977C02940FAED0058CD38 /* TouchView.swift */ = {isa = PBXFileReference; lastKnownFileType = sourcecode.swift; path = TouchView.swift; sourceTree = "<group>"; };
		3B3977C229422E3C0058CD38 /* SignalGenerator2.swift */ = {isa = PBXFileReference; lastKnownFileType = sourcecode.swift; path = SignalGenerator2.swift; sourceTree = "<group>"; };
/* End PBXFileReference section */

/* Begin PBXFrameworksBuildPhase section */
		3B2468B5293DAB52003220C2 /* Frameworks */ = {
			isa = PBXFrameworksBuildPhase;
			buildActionMask = 2147483647;
			files = (
			);
			runOnlyForDeploymentPostprocessing = 0;
		};
		3B2468C5293DAB53003220C2 /* Frameworks */ = {
			isa = PBXFrameworksBuildPhase;
			buildActionMask = 2147483647;
			files = (
			);
			runOnlyForDeploymentPostprocessing = 0;
		};
		3B2468CF293DAB54003220C2 /* Frameworks */ = {
			isa = PBXFrameworksBuildPhase;
			buildActionMask = 2147483647;
			files = (
			);
			runOnlyForDeploymentPostprocessing = 0;
		};
/* End PBXFrameworksBuildPhase section */

/* Begin PBXGroup section */
		3B2468AF293DAB51003220C2 = {
			isa = PBXGroup;
			children = (
				3B2468BA293DAB52003220C2 /* TouchSynth */,
				3B2468CB293DAB53003220C2 /* TouchSynthTests */,
				3B2468D5293DAB54003220C2 /* TouchSynthUITests */,
				3B2468B9293DAB52003220C2 /* Products */,
			);
			sourceTree = "<group>";
		};
		3B2468B9293DAB52003220C2 /* Products */ = {
			isa = PBXGroup;
			children = (
				3B2468B8293DAB52003220C2 /* TouchSynth.app */,
				3B2468C8293DAB53003220C2 /* TouchSynthTests.xctest */,
				3B2468D2293DAB54003220C2 /* TouchSynthUITests.xctest */,
			);
			name = Products;
			sourceTree = "<group>";
		};
		3B2468BA293DAB52003220C2 /* TouchSynth */ = {
			isa = PBXGroup;
			children = (
				3B2468BB293DAB52003220C2 /* TouchSynthApp.swift */,
				3B3643732946043800C33672 /* View */,
				3B3977BC2940452E0058CD38 /* SignalGenerator.swift */,
				3B3977C229422E3C0058CD38 /* SignalGenerator2.swift */,
				3B2468BF293DAB53003220C2 /* Assets.xcassets */,
				3B2468C1293DAB53003220C2 /* Preview Content */,
			);
			path = TouchSynth;
			sourceTree = "<group>";
		};
		3B2468C1293DAB53003220C2 /* Preview Content */ = {
			isa = PBXGroup;
			children = (
				3B2468C2293DAB53003220C2 /* Preview Assets.xcassets */,
			);
			path = "Preview Content";
			sourceTree = "<group>";
		};
		3B2468CB293DAB53003220C2 /* TouchSynthTests */ = {
			isa = PBXGroup;
			children = (
				3B2468CC293DAB53003220C2 /* TouchSynthTests.swift */,
			);
			path = TouchSynthTests;
			sourceTree = "<group>";
		};
		3B2468D5293DAB54003220C2 /* TouchSynthUITests */ = {
			isa = PBXGroup;
			children = (
				3B2468D6293DAB54003220C2 /* TouchSynthUITests.swift */,
				3B2468D8293DAB54003220C2 /* TouchSynthUITestsLaunchTests.swift */,
			);
			path = TouchSynthUITests;
			sourceTree = "<group>";
		};
		3B3643732946043800C33672 /* View */ = {
			isa = PBXGroup;
			children = (
				3B2468BD293DAB52003220C2 /* ContentView.swift */,
				3B3977C02940FAED0058CD38 /* TouchView.swift */,
				3B36437429462BAB00C33672 /* GridView.swift */,
			);
			path = View;
			sourceTree = "<group>";
		};
/* End PBXGroup section */

/* Begin PBXNativeTarget section */
		3B2468B7293DAB52003220C2 /* TouchSynth */ = {
			isa = PBXNativeTarget;
			buildConfigurationList = 3B2468DC293DAB54003220C2 /* Build configuration list for PBXNativeTarget "TouchSynth" */;
			buildPhases = (
				3B2468B4293DAB52003220C2 /* Sources */,
				3B2468B5293DAB52003220C2 /* Frameworks */,
				3B2468B6293DAB52003220C2 /* Resources */,
			);
			buildRules = (
			);
			dependencies = (
			);
			name = TouchSynth;
			productName = TouchSynth;
			productReference = 3B2468B8293DAB52003220C2 /* TouchSynth.app */;
			productType = "com.apple.product-type.application";
		};
		3B2468C7293DAB53003220C2 /* TouchSynthTests */ = {
			isa = PBXNativeTarget;
			buildConfigurationList = 3B2468DF293DAB54003220C2 /* Build configuration list for PBXNativeTarget "TouchSynthTests" */;
			buildPhases = (
				3B2468C4293DAB53003220C2 /* Sources */,
				3B2468C5293DAB53003220C2 /* Frameworks */,
				3B2468C6293DAB53003220C2 /* Resources */,
			);
			buildRules = (
			);
			dependencies = (
				3B2468CA293DAB53003220C2 /* PBXTargetDependency */,
			);
			name = TouchSynthTests;
			productName = TouchSynthTests;
			productReference = 3B2468C8293DAB53003220C2 /* TouchSynthTests.xctest */;
			productType = "com.apple.product-type.bundle.unit-test";
		};
		3B2468D1293DAB54003220C2 /* TouchSynthUITests */ = {
			isa = PBXNativeTarget;
			buildConfigurationList = 3B2468E2293DAB54003220C2 /* Build configuration list for PBXNativeTarget "TouchSynthUITests" */;
			buildPhases = (
				3B2468CE293DAB54003220C2 /* Sources */,
				3B2468CF293DAB54003220C2 /* Frameworks */,
				3B2468D0293DAB54003220C2 /* Resources */,
			);
			buildRules = (
			);
			dependencies = (
				3B2468D4293DAB54003220C2 /* PBXTargetDependency */,
			);
			name = TouchSynthUITests;
			productName = TouchSynthUITests;
			productReference = 3B2468D2293DAB54003220C2 /* TouchSynthUITests.xctest */;
			productType = "com.apple.product-type.bundle.ui-testing";
		};
/* End PBXNativeTarget section */

/* Begin PBXProject section */
		3B2468B0293DAB51003220C2 /* Project object */ = {
			isa = PBXProject;
			attributes = {
				BuildIndependentTargetsInParallel = 1;
				LastSwiftUpdateCheck = 1400;
				LastUpgradeCheck = 1400;
				TargetAttributes = {
					3B2468B7293DAB52003220C2 = {
						CreatedOnToolsVersion = 14.0.1;
					};
					3B2468C7293DAB53003220C2 = {
						CreatedOnToolsVersion = 14.0.1;
						TestTargetID = 3B2468B7293DAB52003220C2;
					};
					3B2468D1293DAB54003220C2 = {
						CreatedOnToolsVersion = 14.0.1;
						TestTargetID = 3B2468B7293DAB52003220C2;
					};
				};
			};
			buildConfigurationList = 3B2468B3293DAB51003220C2 /* Build configuration list for PBXProject "TouchSynth" */;
			compatibilityVersion = "Xcode 14.0";
			developmentRegion = en;
			hasScannedForEncodings = 0;
			knownRegions = (
				en,
				Base,
			);
			mainGroup = 3B2468AF293DAB51003220C2;
			productRefGroup = 3B2468B9293DAB52003220C2 /* Products */;
			projectDirPath = "";
			projectRoot = "";
			targets = (
				3B2468B7293DAB52003220C2 /* TouchSynth */,
				3B2468C7293DAB53003220C2 /* TouchSynthTests */,
				3B2468D1293DAB54003220C2 /* TouchSynthUITests */,
			);
		};
/* End PBXProject section */

/* Begin PBXResourcesBuildPhase section */
		3B2468B6293DAB52003220C2 /* Resources */ = {
			isa = PBXResourcesBuildPhase;
			buildActionMask = 2147483647;
			files = (
				3B2468C3293DAB53003220C2 /* Preview Assets.xcassets in Resources */,
				3B2468C0293DAB53003220C2 /* Assets.xcassets in Resources */,
			);
			runOnlyForDeploymentPostprocessing = 0;
		};
		3B2468C6293DAB53003220C2 /* Resources */ = {
			isa = PBXResourcesBuildPhase;
			buildActionMask = 2147483647;
			files = (
			);
			runOnlyForDeploymentPostprocessing = 0;
		};
		3B2468D0293DAB54003220C2 /* Resources */ = {
			isa = PBXResourcesBuildPhase;
			buildActionMask = 2147483647;
			files = (
			);
			runOnlyForDeploymentPostprocessing = 0;
		};
/* End PBXResourcesBuildPhase section */

/* Begin PBXSourcesBuildPhase section */
		3B2468B4293DAB52003220C2 /* Sources */ = {
			isa = PBXSourcesBuildPhase;
			buildActionMask = 2147483647;
			files = (
				3B3977BD2940452E0058CD38 /* SignalGenerator.swift in Sources */,
				3B3977C12940FAED0058CD38 /* TouchView.swift in Sources */,
				3B36437529462BAB00C33672 /* GridView.swift in Sources */,
				3B3977C329422E3C0058CD38 /* SignalGenerator2.swift in Sources */,
				3B2468BE293DAB52003220C2 /* ContentView.swift in Sources */,
				3B2468BC293DAB52003220C2 /* TouchSynthApp.swift in Sources */,
			);
			runOnlyForDeploymentPostprocessing = 0;
		};
		3B2468C4293DAB53003220C2 /* Sources */ = {
			isa = PBXSourcesBuildPhase;
			buildActionMask = 2147483647;
			files = (
				3B2468CD293DAB53003220C2 /* TouchSynthTests.swift in Sources */,
			);
			runOnlyForDeploymentPostprocessing = 0;
		};
		3B2468CE293DAB54003220C2 /* Sources */ = {
			isa = PBXSourcesBuildPhase;
			buildActionMask = 2147483647;
			files = (
				3B2468D7293DAB54003220C2 /* TouchSynthUITests.swift in Sources */,
				3B2468D9293DAB54003220C2 /* TouchSynthUITestsLaunchTests.swift in Sources */,
			);
			runOnlyForDeploymentPostprocessing = 0;
		};
/* End PBXSourcesBuildPhase section */

/* Begin PBXTargetDependency section */
		3B2468CA293DAB53003220C2 /* PBXTargetDependency */ = {
			isa = PBXTargetDependency;
			target = 3B2468B7293DAB52003220C2 /* TouchSynth */;
			targetProxy = 3B2468C9293DAB53003220C2 /* PBXContainerItemProxy */;
		};
		3B2468D4293DAB54003220C2 /* PBXTargetDependency */ = {
			isa = PBXTargetDependency;
			target = 3B2468B7293DAB52003220C2 /* TouchSynth */;
			targetProxy = 3B2468D3293DAB54003220C2 /* PBXContainerItemProxy */;
		};
/* End PBXTargetDependency section */

/* Begin XCBuildConfiguration section */
		3B2468DA293DAB54003220C2 /* Debug */ = {
			isa = XCBuildConfiguration;
			buildSettings = {
				ALWAYS_SEARCH_USER_PATHS = NO;
				CLANG_ANALYZER_NONNULL = YES;
				CLANG_ANALYZER_NUMBER_OBJECT_CONVERSION = YES_AGGRESSIVE;
				CLANG_CXX_LANGUAGE_STANDARD = "gnu++20";
				CLANG_ENABLE_MODULES = YES;
				CLANG_ENABLE_OBJC_ARC = YES;
				CLANG_ENABLE_OBJC_WEAK = YES;
				CLANG_WARN_BLOCK_CAPTURE_AUTORELEASING = YES;
				CLANG_WARN_BOOL_CONVERSION = YES;
				CLANG_WARN_COMMA = YES;
				CLANG_WARN_CONSTANT_CONVERSION = YES;
				CLANG_WARN_DEPRECATED_OBJC_IMPLEMENTATIONS = YES;
				CLANG_WARN_DIRECT_OBJC_ISA_USAGE = YES_ERROR;
				CLANG_WARN_DOCUMENTATION_COMMENTS = YES;
				CLANG_WARN_EMPTY_BODY = YES;
				CLANG_WARN_ENUM_CONVERSION = YES;
				CLANG_WARN_INFINITE_RECURSION = YES;
				CLANG_WARN_INT_CONVERSION = YES;
				CLANG_WARN_NON_LITERAL_NULL_CONVERSION = YES;
				CLANG_WARN_OBJC_IMPLICIT_RETAIN_SELF = YES;
				CLANG_WARN_OBJC_LITERAL_CONVERSION = YES;
				CLANG_WARN_OBJC_ROOT_CLASS = YES_ERROR;
				CLANG_WARN_QUOTED_INCLUDE_IN_FRAMEWORK_HEADER = YES;
				CLANG_WARN_RANGE_LOOP_ANALYSIS = YES;
				CLANG_WARN_STRICT_PROTOTYPES = YES;
				CLANG_WARN_SUSPICIOUS_MOVE = YES;
				CLANG_WARN_UNGUARDED_AVAILABILITY = YES_AGGRESSIVE;
				CLANG_WARN_UNREACHABLE_CODE = YES;
				CLANG_WARN__DUPLICATE_METHOD_MATCH = YES;
				COPY_PHASE_STRIP = NO;
				DEBUG_INFORMATION_FORMAT = dwarf;
				ENABLE_STRICT_OBJC_MSGSEND = YES;
				ENABLE_TESTABILITY = YES;
				GCC_C_LANGUAGE_STANDARD = gnu11;
				GCC_DYNAMIC_NO_PIC = NO;
				GCC_NO_COMMON_BLOCKS = YES;
				GCC_OPTIMIZATION_LEVEL = 0;
				GCC_PREPROCESSOR_DEFINITIONS = (
					"DEBUG=1",
					"$(inherited)",
				);
				GCC_WARN_64_TO_32_BIT_CONVERSION = YES;
				GCC_WARN_ABOUT_RETURN_TYPE = YES_ERROR;
				GCC_WARN_UNDECLARED_SELECTOR = YES;
				GCC_WARN_UNINITIALIZED_AUTOS = YES_AGGRESSIVE;
				GCC_WARN_UNUSED_FUNCTION = YES;
				GCC_WARN_UNUSED_VARIABLE = YES;
				IPHONEOS_DEPLOYMENT_TARGET = 16.0;
				MTL_ENABLE_DEBUG_INFO = INCLUDE_SOURCE;
				MTL_FAST_MATH = YES;
				ONLY_ACTIVE_ARCH = YES;
				SDKROOT = iphoneos;
				SWIFT_ACTIVE_COMPILATION_CONDITIONS = DEBUG;
				SWIFT_OPTIMIZATION_LEVEL = "-Onone";
			};
			name = Debug;
		};
		3B2468DB293DAB54003220C2 /* Release */ = {
			isa = XCBuildConfiguration;
			buildSettings = {
				ALWAYS_SEARCH_USER_PATHS = NO;
				CLANG_ANALYZER_NONNULL = YES;
				CLANG_ANALYZER_NUMBER_OBJECT_CONVERSION = YES_AGGRESSIVE;
				CLANG_CXX_LANGUAGE_STANDARD = "gnu++20";
				CLANG_ENABLE_MODULES = YES;
				CLANG_ENABLE_OBJC_ARC = YES;
				CLANG_ENABLE_OBJC_WEAK = YES;
				CLANG_WARN_BLOCK_CAPTURE_AUTORELEASING = YES;
				CLANG_WARN_BOOL_CONVERSION = YES;
				CLANG_WARN_COMMA = YES;
				CLANG_WARN_CONSTANT_CONVERSION = YES;
				CLANG_WARN_DEPRECATED_OBJC_IMPLEMENTATIONS = YES;
				CLANG_WARN_DIRECT_OBJC_ISA_USAGE = YES_ERROR;
				CLANG_WARN_DOCUMENTATION_COMMENTS = YES;
				CLANG_WARN_EMPTY_BODY = YES;
				CLANG_WARN_ENUM_CONVERSION = YES;
				CLANG_WARN_INFINITE_RECURSION = YES;
				CLANG_WARN_INT_CONVERSION = YES;
				CLANG_WARN_NON_LITERAL_NULL_CONVERSION = YES;
				CLANG_WARN_OBJC_IMPLICIT_RETAIN_SELF = YES;
				CLANG_WARN_OBJC_LITERAL_CONVERSION = YES;
				CLANG_WARN_OBJC_ROOT_CLASS = YES_ERROR;
				CLANG_WARN_QUOTED_INCLUDE_IN_FRAMEWORK_HEADER = YES;
				CLANG_WARN_RANGE_LOOP_ANALYSIS = YES;
				CLANG_WARN_STRICT_PROTOTYPES = YES;
				CLANG_WARN_SUSPICIOUS_MOVE = YES;
				CLANG_WARN_UNGUARDED_AVAILABILITY = YES_AGGRESSIVE;
				CLANG_WARN_UNREACHABLE_CODE = YES;
				CLANG_WARN__DUPLICATE_METHOD_MATCH = YES;
				COPY_PHASE_STRIP = NO;
				DEBUG_INFORMATION_FORMAT = "dwarf-with-dsym";
				ENABLE_NS_ASSERTIONS = NO;
				ENABLE_STRICT_OBJC_MSGSEND = YES;
				GCC_C_LANGUAGE_STANDARD = gnu11;
				GCC_NO_COMMON_BLOCKS = YES;
				GCC_WARN_64_TO_32_BIT_CONVERSION = YES;
				GCC_WARN_ABOUT_RETURN_TYPE = YES_ERROR;
				GCC_WARN_UNDECLARED_SELECTOR = YES;
				GCC_WARN_UNINITIALIZED_AUTOS = YES_AGGRESSIVE;
				GCC_WARN_UNUSED_FUNCTION = YES;
				GCC_WARN_UNUSED_VARIABLE = YES;
				IPHONEOS_DEPLOYMENT_TARGET = 16.0;
				MTL_ENABLE_DEBUG_INFO = NO;
				MTL_FAST_MATH = YES;
				SDKROOT = iphoneos;
				SWIFT_COMPILATION_MODE = wholemodule;
				SWIFT_OPTIMIZATION_LEVEL = "-O";
				VALIDATE_PRODUCT = YES;
			};
			name = Release;
		};
		3B2468DD293DAB54003220C2 /* Debug */ = {
			isa = XCBuildConfiguration;
			buildSettings = {
				ASSETCATALOG_COMPILER_APPICON_NAME = AppIcon;
				ASSETCATALOG_COMPILER_GLOBAL_ACCENT_COLOR_NAME = AccentColor;
				CODE_SIGN_STYLE = Automatic;
				CURRENT_PROJECT_VERSION = 1;
				DEVELOPMENT_ASSET_PATHS = "\"TouchSynth/Preview Content\"";
				DEVELOPMENT_TEAM = DW275526Z6;
				ENABLE_PREVIEWS = YES;
				GENERATE_INFOPLIST_FILE = YES;
				INFOPLIST_KEY_UIApplicationSceneManifest_Generation = YES;
				INFOPLIST_KEY_UIApplicationSupportsIndirectInputEvents = YES;
				INFOPLIST_KEY_UILaunchScreen_Generation = YES;
				INFOPLIST_KEY_UISupportedInterfaceOrientations_iPad = "UIInterfaceOrientationPortrait UIInterfaceOrientationPortraitUpsideDown UIInterfaceOrientationLandscapeLeft UIInterfaceOrientationLandscapeRight";
				INFOPLIST_KEY_UISupportedInterfaceOrientations_iPhone = "UIInterfaceOrientationPortrait UIInterfaceOrientationLandscapeLeft UIInterfaceOrientationLandscapeRight";
				IPHONEOS_DEPLOYMENT_TARGET = 16.0;
				LD_RUNPATH_SEARCH_PATHS = (
					"$(inherited)",
					"@executable_path/Frameworks",
				);
				MARKETING_VERSION = 1.0;
				PRODUCT_BUNDLE_IDENTIFIER = com.imael.TouchSynth;
				PRODUCT_NAME = "$(TARGET_NAME)";
				SWIFT_EMIT_LOC_STRINGS = YES;
				SWIFT_VERSION = 5.0;
				TARGETED_DEVICE_FAMILY = "1,2";
			};
			name = Debug;
		};
		3B2468DE293DAB54003220C2 /* Release */ = {
			isa = XCBuildConfiguration;
			buildSettings = {
				ASSETCATALOG_COMPILER_APPICON_NAME = AppIcon;
				ASSETCATALOG_COMPILER_GLOBAL_ACCENT_COLOR_NAME = AccentColor;
				CODE_SIGN_STYLE = Automatic;
				CURRENT_PROJECT_VERSION = 1;
				DEVELOPMENT_ASSET_PATHS = "\"TouchSynth/Preview Content\"";
				DEVELOPMENT_TEAM = DW275526Z6;
				ENABLE_PREVIEWS = YES;
				GENERATE_INFOPLIST_FILE = YES;
				INFOPLIST_KEY_UIApplicationSceneManifest_Generation = YES;
				INFOPLIST_KEY_UIApplicationSupportsIndirectInputEvents = YES;
				INFOPLIST_KEY_UILaunchScreen_Generation = YES;
				INFOPLIST_KEY_UISupportedInterfaceOrientations_iPad = "UIInterfaceOrientationPortrait UIInterfaceOrientationPortraitUpsideDown UIInterfaceOrientationLandscapeLeft UIInterfaceOrientationLandscapeRight";
				INFOPLIST_KEY_UISupportedInterfaceOrientations_iPhone = "UIInterfaceOrientationPortrait UIInterfaceOrientationLandscapeLeft UIInterfaceOrientationLandscapeRight";
				IPHONEOS_DEPLOYMENT_TARGET = 16.0;
				LD_RUNPATH_SEARCH_PATHS = (
					"$(inherited)",
					"@executable_path/Frameworks",
				);
				MARKETING_VERSION = 1.0;
				PRODUCT_BUNDLE_IDENTIFIER = com.imael.TouchSynth;
				PRODUCT_NAME = "$(TARGET_NAME)";
				SWIFT_EMIT_LOC_STRINGS = YES;
				SWIFT_VERSION = 5.0;
				TARGETED_DEVICE_FAMILY = "1,2";
			};
			name = Release;
		};
		3B2468E0293DAB54003220C2 /* Debug */ = {
			isa = XCBuildConfiguration;
			buildSettings = {
				ALWAYS_EMBED_SWIFT_STANDARD_LIBRARIES = YES;
				BUNDLE_LOADER = "$(TEST_HOST)";
				CODE_SIGN_STYLE = Automatic;
				CURRENT_PROJECT_VERSION = 1;
				DEVELOPMENT_TEAM = DW275526Z6;
				GENERATE_INFOPLIST_FILE = YES;
				IPHONEOS_DEPLOYMENT_TARGET = 16.0;
				MARKETING_VERSION = 1.0;
				PRODUCT_BUNDLE_IDENTIFIER = com.imael.TouchSynthTests;
				PRODUCT_NAME = "$(TARGET_NAME)";
				SWIFT_EMIT_LOC_STRINGS = NO;
				SWIFT_VERSION = 5.0;
				TARGETED_DEVICE_FAMILY = "1,2";
				TEST_HOST = "$(BUILT_PRODUCTS_DIR)/TouchSynth.app/$(BUNDLE_EXECUTABLE_FOLDER_PATH)/TouchSynth";
			};
			name = Debug;
		};
		3B2468E1293DAB54003220C2 /* Release */ = {
			isa = XCBuildConfiguration;
			buildSettings = {
				ALWAYS_EMBED_SWIFT_STANDARD_LIBRARIES = YES;
				BUNDLE_LOADER = "$(TEST_HOST)";
				CODE_SIGN_STYLE = Automatic;
				CURRENT_PROJECT_VERSION = 1;
				DEVELOPMENT_TEAM = DW275526Z6;
				GENERATE_INFOPLIST_FILE = YES;
				IPHONEOS_DEPLOYMENT_TARGET = 16.0;
				MARKETING_VERSION = 1.0;
				PRODUCT_BUNDLE_IDENTIFIER = com.imael.TouchSynthTests;
				PRODUCT_NAME = "$(TARGET_NAME)";
				SWIFT_EMIT_LOC_STRINGS = NO;
				SWIFT_VERSION = 5.0;
				TARGETED_DEVICE_FAMILY = "1,2";
				TEST_HOST = "$(BUILT_PRODUCTS_DIR)/TouchSynth.app/$(BUNDLE_EXECUTABLE_FOLDER_PATH)/TouchSynth";
			};
			name = Release;
		};
		3B2468E3293DAB54003220C2 /* Debug */ = {
			isa = XCBuildConfiguration;
			buildSettings = {
				ALWAYS_EMBED_SWIFT_STANDARD_LIBRARIES = YES;
				CODE_SIGN_STYLE = Automatic;
				CURRENT_PROJECT_VERSION = 1;
				DEVELOPMENT_TEAM = DW275526Z6;
				GENERATE_INFOPLIST_FILE = YES;
				MARKETING_VERSION = 1.0;
				PRODUCT_BUNDLE_IDENTIFIER = com.imael.TouchSynthUITests;
				PRODUCT_NAME = "$(TARGET_NAME)";
				SWIFT_EMIT_LOC_STRINGS = NO;
				SWIFT_VERSION = 5.0;
				TARGETED_DEVICE_FAMILY = "1,2";
				TEST_TARGET_NAME = TouchSynth;
			};
			name = Debug;
		};
		3B2468E4293DAB54003220C2 /* Release */ = {
			isa = XCBuildConfiguration;
			buildSettings = {
				ALWAYS_EMBED_SWIFT_STANDARD_LIBRARIES = YES;
				CODE_SIGN_STYLE = Automatic;
				CURRENT_PROJECT_VERSION = 1;
				DEVELOPMENT_TEAM = DW275526Z6;
				GENERATE_INFOPLIST_FILE = YES;
				MARKETING_VERSION = 1.0;
				PRODUCT_BUNDLE_IDENTIFIER = com.imael.TouchSynthUITests;
				PRODUCT_NAME = "$(TARGET_NAME)";
				SWIFT_EMIT_LOC_STRINGS = NO;
				SWIFT_VERSION = 5.0;
				TARGETED_DEVICE_FAMILY = "1,2";
				TEST_TARGET_NAME = TouchSynth;
			};
			name = Release;
		};
/* End XCBuildConfiguration section */

/* Begin XCConfigurationList section */
		3B2468B3293DAB51003220C2 /* Build configuration list for PBXProject "TouchSynth" */ = {
			isa = XCConfigurationList;
			buildConfigurations = (
				3B2468DA293DAB54003220C2 /* Debug */,
				3B2468DB293DAB54003220C2 /* Release */,
			);
			defaultConfigurationIsVisible = 0;
			defaultConfigurationName = Release;
		};
		3B2468DC293DAB54003220C2 /* Build configuration list for PBXNativeTarget "TouchSynth" */ = {
			isa = XCConfigurationList;
			buildConfigurations = (
				3B2468DD293DAB54003220C2 /* Debug */,
				3B2468DE293DAB54003220C2 /* Release */,
			);
			defaultConfigurationIsVisible = 0;
			defaultConfigurationName = Release;
		};
		3B2468DF293DAB54003220C2 /* Build configuration list for PBXNativeTarget "TouchSynthTests" */ = {
			isa = XCConfigurationList;
			buildConfigurations = (
				3B2468E0293DAB54003220C2 /* Debug */,
				3B2468E1293DAB54003220C2 /* Release */,
			);
			defaultConfigurationIsVisible = 0;
			defaultConfigurationName = Release;
		};
		3B2468E2293DAB54003220C2 /* Build configuration list for PBXNativeTarget "TouchSynthUITests" */ = {
			isa = XCConfigurationList;
			buildConfigurations = (
				3B2468E3293DAB54003220C2 /* Debug */,
				3B2468E4293DAB54003220C2 /* Release */,
			);
			defaultConfigurationIsVisible = 0;
			defaultConfigurationName = Release;
		};
/* End XCConfigurationList section */
	};
	rootObject = 3B2468B0293DAB51003220C2 /* Project object */;
}
